
Microsoft Visual Studio Solution File, Format Version 12.00
# Visual Studio 2013
VisualStudioVersion = 12.0.31101.0
MinimumVisualStudioVersion = 10.0.40219.1
Project("{FAE04EC0-301F-11D3-BF4B-00C04F79EFBC}") = "ET20015Demo", "ET20015Demo\ET20015Demo.csproj", "{81A9F632-F4D4-4604-9698-D8179A527653}"
EndProject
Project("{2150E333-8FDC-42A3-9474-1A3956D46DE8}") = "PublishScripts", "PublishScripts", "{2FD2096E-2414-406D-8E40-6F34D2968654}"
	ProjectSection(SolutionItems) = preProject
		PublishScripts\AzureWebsitePublishModule.psm1 = PublishScripts\AzureWebsitePublishModule.psm1
		PublishScripts\Publish-WebApplicationWebsite.ps1 = PublishScripts\Publish-WebApplicationWebsite.ps1
	EndProjectSection
EndProject
Project("{2150E333-8FDC-42A3-9474-1A3956D46DE8}") = "Configurations", "Configurations", "{69F84F72-8EB8-451C-A283-01EB2998C499}"
	ProjectSection(SolutionItems) = preProject
		PublishScripts\Configurations\ET20015Demo-WAWS-dev.json = PublishScripts\Configurations\ET20015Demo-WAWS-dev.json
	EndProjectSection
EndProject
Global
	GlobalSection(SolutionConfigurationPlatforms) = preSolution
		Debug|Any CPU = Debug|Any CPU
		Release|Any CPU = Release|Any CPU
	EndGlobalSection
	GlobalSection(ProjectConfigurationPlatforms) = postSolution
		{81A9F632-F4D4-4604-9698-D8179A527653}.Debug|Any CPU.ActiveCfg = Debug|Any CPU
		{81A9F632-F4D4-4604-9698-D8179A527653}.Debug|Any CPU.Build.0 = Debug|Any CPU
		{81A9F632-F4D4-4604-9698-D8179A527653}.Release|Any CPU.ActiveCfg = Release|Any CPU
		{81A9F632-F4D4-4604-9698-D8179A527653}.Release|Any CPU.Build.0 = Release|Any CPU
	EndGlobalSection
	GlobalSection(SolutionProperties) = preSolution
		HideSolutionNode = FALSE
	EndGlobalSection
	GlobalSection(NestedProjects) = preSolution
		{69F84F72-8EB8-451C-A283-01EB2998C499} = {2FD2096E-2414-406D-8E40-6F34D2968654}
	EndGlobalSection
EndGlobal
